<Solution>
  <Folder Name="/src/">
    <Project Path="src/LegalAgent.Chunking/LegalAgent.Chunking.csproj" />
    <Project Path="src/LegalAgent.Corpus.Cli/LegalAgent.Corpus.Cli.csproj" />
    <Project Path="src/LegalAgent.Corpus/LegalAgent.Corpus.csproj" />
    <Project Path="src/LegalAgent.Downloads/LegalAgent.Downloads.csproj" />
    <Project Path="src/LegalAgent.PdfParser.Cli/LegalAgent.PdfParser.Cli.csproj" />
    <Project Path="src/LegalAgent.PdfParser/LegalAgent.PdfParser.csproj" />
    <Project Path="src/mBank.FaqGenerator/mBank.FaqGenerator.csproj" />
  </Folder>
  <Folder Name="/tests/">
    <Project Path="tests/LegalAgent.Chunking.Tests/LegalAgent.Chunking.Tests.csproj" />
    <Project Path="tests/LegalAgent.Corpus.Tests/LegalAgent.Corpus.Tests.csproj" />
    <Project Path="tests/LegalAgent.Downloads.Tests/LegalAgent.Downloads.Tests.csproj" />
    <Project Path="tests/LegalAgent.PdfParser.Tests/LegalAgent.PdfParser.Tests.csproj" />
    <Project Path="tests/mBank.FaqGenerator.Tests/mBank.FaqGenerator.Tests.csproj" />
  </Folder>
</Solution>
